
Microsoft Visual Studio Solution File, Format Version 12.00
# Visual Studio Version 16
VisualStudioVersion = 16.0.30611.23
MinimumVisualStudioVersion = 10.0.40219.1
Project("{9A19103F-16F7-4668-BE54-9A1E7A4F7556}") = "Users", "Src\Users\Users.csproj", "{2FE469D8-DA73-4F83-A367-4BD68049E520}"
EndProject
Project("{9A19103F-16F7-4668-BE54-9A1E7A4F7556}") = "Users.L0Tests", "Src\Users.L0Tests\Users.L0Tests.csproj", "{A7BB6E56-B194-45F2-8A55-AFB3401161D1}"
EndProject
Project("{2150E333-8FDC-42A3-9474-1A3956D46DE8}") = "Doc", "Doc", "{47AD7957-9EF7-4F57-8078-70E0E82E5181}"
EndProject
Project("{2150E333-8FDC-42A3-9474-1A3956D46DE8}") = "Requirements", "Requirements", "{8932CB44-2378-41B7-B7F8-7FC8BD11E2F4}"
	ProjectSection(SolutionItems) = preProject
		Doc\Requirements\Users requirements.md = Doc\Requirements\Users requirements.md
	EndProjectSection
EndProject
Project("{2150E333-8FDC-42A3-9474-1A3956D46DE8}") = "Diagrams", "Diagrams", "{DEC063BD-0706-427A-ABEF-085761A6C47E}"
	ProjectSection(SolutionItems) = preProject
		Doc\Diagrams\Architecture.md = Doc\Diagrams\Architecture.md
		Doc\Diagrams\Simplified architecture.md = Doc\Diagrams\Simplified architecture.md
	EndProjectSection
EndProject
Project("{2150E333-8FDC-42A3-9474-1A3956D46DE8}") = "Presentations", "Presentations", "{4EBACD0A-8E4F-41EE-B546-4035337541A4}"
	ProjectSection(SolutionItems) = preProject
		Doc\Presentations\Test plans.md = Doc\Presentations\Test plans.md
	EndProjectSection
EndProject
Global
	GlobalSection(SolutionConfigurationPlatforms) = preSolution
		Debug|Any CPU = Debug|Any CPU
		Release|Any CPU = Release|Any CPU
	EndGlobalSection
	GlobalSection(ProjectConfigurationPlatforms) = postSolution
		{2FE469D8-DA73-4F83-A367-4BD68049E520}.Debug|Any CPU.ActiveCfg = Debug|Any CPU
		{2FE469D8-DA73-4F83-A367-4BD68049E520}.Debug|Any CPU.Build.0 = Debug|Any CPU
		{2FE469D8-DA73-4F83-A367-4BD68049E520}.Release|Any CPU.ActiveCfg = Release|Any CPU
		{2FE469D8-DA73-4F83-A367-4BD68049E520}.Release|Any CPU.Build.0 = Release|Any CPU
		{A7BB6E56-B194-45F2-8A55-AFB3401161D1}.Debug|Any CPU.ActiveCfg = Debug|Any CPU
		{A7BB6E56-B194-45F2-8A55-AFB3401161D1}.Debug|Any CPU.Build.0 = Debug|Any CPU
		{A7BB6E56-B194-45F2-8A55-AFB3401161D1}.Release|Any CPU.ActiveCfg = Release|Any CPU
		{A7BB6E56-B194-45F2-8A55-AFB3401161D1}.Release|Any CPU.Build.0 = Release|Any CPU
	EndGlobalSection
	GlobalSection(SolutionProperties) = preSolution
		HideSolutionNode = FALSE
	EndGlobalSection
	GlobalSection(NestedProjects) = preSolution
		{8932CB44-2378-41B7-B7F8-7FC8BD11E2F4} = {47AD7957-9EF7-4F57-8078-70E0E82E5181}
		{DEC063BD-0706-427A-ABEF-085761A6C47E} = {47AD7957-9EF7-4F57-8078-70E0E82E5181}
		{4EBACD0A-8E4F-41EE-B546-4035337541A4} = {47AD7957-9EF7-4F57-8078-70E0E82E5181}
	EndGlobalSection
	GlobalSection(ExtensibilityGlobals) = postSolution
		SolutionGuid = {602FEBEF-C35E-42D0-BB6A-EA7A084901F0}
	EndGlobalSection
EndGlobal
